
Microsoft Visual Studio Solution File, Format Version 12.00
# Visual Studio Version 16
VisualStudioVersion = 16.0.31019.35
MinimumVisualStudioVersion = 10.0.40219.1
Project("{9A19103F-16F7-4668-BE54-9A1E7A4F7556}") = "WebApi", "WebApi\WebApi.csproj", "{931836D5-6A21-4DFB-B0B4-706D435CF37E}"
EndProject
Project("{9A19103F-16F7-4668-BE54-9A1E7A4F7556}") = "WebApi.IntegrationTests", "WebApi.IntegrationTests\WebApi.IntegrationTests.csproj", "{230D5F1A-488B-407A-BA7B-3074FDC60761}"
EndProject
Global
	GlobalSection(SolutionConfigurationPlatforms) = preSolution
		Debug|Any CPU = Debug|Any CPU
		Release|Any CPU = Release|Any CPU
	EndGlobalSection
	GlobalSection(ProjectConfigurationPlatforms) = postSolution
		{931836D5-6A21-4DFB-B0B4-706D435CF37E}.Debug|Any CPU.ActiveCfg = Debug|Any CPU
		{931836D5-6A21-4DFB-B0B4-706D435CF37E}.Debug|Any CPU.Build.0 = Debug|Any CPU
		{931836D5-6A21-4DFB-B0B4-706D435CF37E}.Release|Any CPU.ActiveCfg = Release|Any CPU
		{931836D5-6A21-4DFB-B0B4-706D435CF37E}.Release|Any CPU.Build.0 = Release|Any CPU
		{230D5F1A-488B-407A-BA7B-3074FDC60761}.Debug|Any CPU.ActiveCfg = Debug|Any CPU
		{230D5F1A-488B-407A-BA7B-3074FDC60761}.Debug|Any CPU.Build.0 = Debug|Any CPU
		{230D5F1A-488B-407A-BA7B-3074FDC60761}.Release|Any CPU.ActiveCfg = Release|Any CPU
		{230D5F1A-488B-407A-BA7B-3074FDC60761}.Release|Any CPU.Build.0 = Release|Any CPU
	EndGlobalSection
	GlobalSection(SolutionProperties) = preSolution
		HideSolutionNode = FALSE
	EndGlobalSection
	GlobalSection(ExtensibilityGlobals) = postSolution
		SolutionGuid = {06EF783A-FF5E-4FE3-89A4-061694AB00DD}
	EndGlobalSection
EndGlobal
